// !$*UTF8*$!
{
	archiveVersion = 1;
	classes = {
	};
	objectVersion = 46;
	objects = {

/* Begin PBXBuildFile section */
		605F31BC1BB9BEF100744E30 /* Bundler.swift in Sources */ = {isa = PBXBuildFile; fileRef = 605F31BB1BB9BEF100744E30 /* Bundler.swift */; settings = {ASSET_TAGS = (); }; };
		60E3299A1BB921C30086988C /* AppDelegate.swift in Sources */ = {isa = PBXBuildFile; fileRef = 60E329991BB921C30086988C /* AppDelegate.swift */; };
		60E3299C1BB921C30086988C /* ViewController.swift in Sources */ = {isa = PBXBuildFile; fileRef = 60E3299B1BB921C30086988C /* ViewController.swift */; };
		60E3299F1BB921C30086988C /* Main.storyboard in Resources */ = {isa = PBXBuildFile; fileRef = 60E3299D1BB921C30086988C /* Main.storyboard */; };
		60E329A11BB921C30086988C /* Assets.xcassets in Resources */ = {isa = PBXBuildFile; fileRef = 60E329A01BB921C30086988C /* Assets.xcassets */; };
		60E329A41BB921C30086988C /* LaunchScreen.storyboard in Resources */ = {isa = PBXBuildFile; fileRef = 60E329A21BB921C30086988C /* LaunchScreen.storyboard */; };
		60E329B31BB922AA0086988C /* Localizable.strings in Resources */ = {isa = PBXBuildFile; fileRef = 60E329B51BB922AA0086988C /* Localizable.strings */; };
/* End PBXBuildFile section */

/* Begin PBXFileReference section */
		605F31BB1BB9BEF100744E30 /* Bundler.swift */ = {isa = PBXFileReference; fileEncoding = 4; lastKnownFileType = sourcecode.swift; path = Bundler.swift; sourceTree = "<group>"; };
		60E329961BB921C30086988C /* Bundler.app */ = {isa = PBXFileReference; explicitFileType = wrapper.application; includeInIndex = 0; path = Bundler.app; sourceTree = BUILT_PRODUCTS_DIR; };
		60E329991BB921C30086988C /* AppDelegate.swift */ = {isa = PBXFileReference; lastKnownFileType = sourcecode.swift; path = AppDelegate.swift; sourceTree = "<group>"; };
		60E3299B1BB921C30086988C /* ViewController.swift */ = {isa = PBXFileReference; lastKnownFileType = sourcecode.swift; path = ViewController.swift; sourceTree = "<group>"; };
		60E3299E1BB921C30086988C /* Base */ = {isa = PBXFileReference; lastKnownFileType = file.storyboard; name = Base; path = Base.lproj/Main.storyboard; sourceTree = "<group>"; };
		60E329A01BB921C30086988C /* Assets.xcassets */ = {isa = PBXFileReference; lastKnownFileType = folder.assetcatalog; path = Assets.xcassets; sourceTree = "<group>"; };
		60E329A31BB921C30086988C /* Base */ = {isa = PBXFileReference; lastKnownFileType = file.storyboard; name = Base; path = Base.lproj/LaunchScreen.storyboard; sourceTree = "<group>"; };
		60E329A51BB921C30086988C /* Info.plist */ = {isa = PBXFileReference; lastKnownFileType = text.plist.xml; path = Info.plist; sourceTree = "<group>"; };
		60E329AF1BB9229A0086988C /* de */ = {isa = PBXFileReference; lastKnownFileType = text.plist.strings; name = de; path = de.lproj/Main.strings; sourceTree = "<group>"; };
		60E329B01BB9229A0086988C /* de */ = {isa = PBXFileReference; lastKnownFileType = text.plist.strings; name = de; path = de.lproj/LaunchScreen.strings; sourceTree = "<group>"; };
		60E329B11BB922A10086988C /* tr */ = {isa = PBXFileReference; lastKnownFileType = text.plist.strings; name = tr; path = tr.lproj/Main.strings; sourceTree = "<group>"; };
		60E329B21BB922A10086988C /* tr */ = {isa = PBXFileReference; lastKnownFileType = text.plist.strings; name = tr; path = tr.lproj/LaunchScreen.strings; sourceTree = "<group>"; };
		60E329B41BB922AA0086988C /* de */ = {isa = PBXFileReference; lastKnownFileType = text.plist.strings; name = de; path = de.lproj/Localizable.strings; sourceTree = "<group>"; };
		60E329B61BB922AC0086988C /* tr */ = {isa = PBXFileReference; lastKnownFileType = text.plist.strings; name = tr; path = tr.lproj/Localizable.strings; sourceTree = "<group>"; };
		60E329B71BB922AF0086988C /* en */ = {isa = PBXFileReference; lastKnownFileType = text.plist.strings; name = en; path = en.lproj/Localizable.strings; sourceTree = "<group>"; };
/* End PBXFileReference section */

/* Begin PBXFrameworksBuildPhase section */
		60E329931BB921C30086988C /* Frameworks */ = {
			isa = PBXFrameworksBuildPhase;
			buildActionMask = 2147483647;
			files = (
			);
			runOnlyForDeploymentPostprocessing = 0;
		};
/* End PBXFrameworksBuildPhase section */

/* Begin PBXGroup section */
		60E3298D1BB921C30086988C = {
			isa = PBXGroup;
			children = (
				60E329981BB921C30086988C /* Bundler */,
				60E329971BB921C30086988C /* Products */,
			);
			sourceTree = "<group>";
		};
		60E329971BB921C30086988C /* Products */ = {
			isa = PBXGroup;
			children = (
				60E329961BB921C30086988C /* Bundler.app */,
			);
			name = Products;
			sourceTree = "<group>";
		};
		60E329981BB921C30086988C /* Bundler */ = {
			isa = PBXGroup;
			children = (
				605F31BB1BB9BEF100744E30 /* Bundler.swift */,
				60E329991BB921C30086988C /* AppDelegate.swift */,
				60E3299B1BB921C30086988C /* ViewController.swift */,
				60E3299D1BB921C30086988C /* Main.storyboard */,
				60E329A01BB921C30086988C /* Assets.xcassets */,
				60E329A21BB921C30086988C /* LaunchScreen.storyboard */,
				60E329A51BB921C30086988C /* Info.plist */,
				60E329B51BB922AA0086988C /* Localizable.strings */,
			);
			path = Bundler;
			sourceTree = "<group>";
		};
/* End PBXGroup section */

/* Begin PBXNativeTarget section */
		60E329951BB921C30086988C /* Bundler */ = {
			isa = PBXNativeTarget;
			buildConfigurationList = 60E329A81BB921C30086988C /* Build configuration list for PBXNativeTarget "Bundler" */;
			buildPhases = (
				60E329921BB921C30086988C /* Sources */,
				60E329931BB921C30086988C /* Frameworks */,
				60E329941BB921C30086988C /* Resources */,
			);
			buildRules = (
			);
			dependencies = (
			);
			name = Bundler;
			productName = Bundler;
			productReference = 60E329961BB921C30086988C /* Bundler.app */;
			productType = "com.apple.product-type.application";
		};
/* End PBXNativeTarget section */

/* Begin PBXProject section */
		60E3298E1BB921C30086988C /* Project object */ = {
			isa = PBXProject;
			attributes = {
				LastUpgradeCheck = 0700;
				ORGANIZATIONNAME = davut;
				TargetAttributes = {
					60E329951BB921C30086988C = {
						CreatedOnToolsVersion = 7.0;
					};
				};
			};
			buildConfigurationList = 60E329911BB921C30086988C /* Build configuration list for PBXProject "Bundler" */;
			compatibilityVersion = "Xcode 3.2";
			developmentRegion = English;
			hasScannedForEncodings = 0;
			knownRegions = (
				en,
				Base,
				tr,
			);
			mainGroup = 60E3298D1BB921C30086988C;
			productRefGroup = 60E329971BB921C30086988C /* Products */;
			projectDirPath = "";
			projectRoot = "";
			targets = (
				60E329951BB921C30086988C /* Bundler */,
			);
		};
/* End PBXProject section */

/* Begin PBXResourcesBuildPhase section */
		60E329941BB921C30086988C /* Resources */ = {
			isa = PBXResourcesBuildPhase;
			buildActionMask = 2147483647;
			files = (
				60E329A41BB921C30086988C /* LaunchScreen.storyboard in Resources */,
				60E329B31BB922AA0086988C /* Localizable.strings in Resources */,
				60E329A11BB921C30086988C /* Assets.xcassets in Resources */,
				60E3299F1BB921C30086988C /* Main.storyboard in Resources */,
			);
			runOnlyForDeploymentPostprocessing = 0;
		};
/* End PBXResourcesBuildPhase section */

/* Begin PBXSourcesBuildPhase section */
		60E329921BB921C30086988C /* Sources */ = {
			isa = PBXSourcesBuildPhase;
			buildActionMask = 2147483647;
			files = (
				605F31BC1BB9BEF100744E30 /* Bundler.swift in Sources */,
				60E3299C1BB921C30086988C /* ViewController.swift in Sources */,
				60E3299A1BB921C30086988C /* AppDelegate.swift in Sources */,
			);
			runOnlyForDeploymentPostprocessing = 0;
		};
/* End PBXSourcesBuildPhase section */

/* Begin PBXVariantGroup section */
		60E3299D1BB921C30086988C /* Main.storyboard */ = {
			isa = PBXVariantGroup;
			children = (
				60E3299E1BB921C30086988C /* Base */,
				60E329AF1BB9229A0086988C /* de */,
				60E329B11BB922A10086988C /* tr */,
			);
			name = Main.storyboard;
			sourceTree = "<group>";
		};
		60E329A21BB921C30086988C /* LaunchScreen.storyboard */ = {
			isa = PBXVariantGroup;
			children = (
				60E329A31BB921C30086988C /* Base */,
				60E329B01BB9229A0086988C /* de */,
				60E329B21BB922A10086988C /* tr */,
			);
			name = LaunchScreen.storyboard;
			sourceTree = "<group>";
		};
		60E329B51BB922AA0086988C /* Localizable.strings */ = {
			isa = PBXVariantGroup;
			children = (
				60E329B41BB922AA0086988C /* de */,
				60E329B61BB922AC0086988C /* tr */,
				60E329B71BB922AF0086988C /* en */,
			);
			name = Localizable.strings;
			sourceTree = "<group>";
		};
/* End PBXVariantGroup section */

/* Begin XCBuildConfiguration section */
		60E329A61BB921C30086988C /* Debug */ = {
			isa = XCBuildConfiguration;
			buildSettings = {
				ALWAYS_SEARCH_USER_PATHS = NO;
				CLANG_CXX_LANGUAGE_STANDARD = "gnu++0x";
				CLANG_CXX_LIBRARY = "libc++";
				CLANG_ENABLE_MODULES = YES;
				CLANG_ENABLE_OBJC_ARC = YES;
				CLANG_WARN_BOOL_CONVERSION = YES;
				CLANG_WARN_CONSTANT_CONVERSION = YES;
				CLANG_WARN_DIRECT_OBJC_ISA_USAGE = YES_ERROR;
				CLANG_WARN_EMPTY_BODY = YES;
				CLANG_WARN_ENUM_CONVERSION = YES;
				CLANG_WARN_INT_CONVERSION = YES;
				CLANG_WARN_OBJC_ROOT_CLASS = YES_ERROR;
				CLANG_WARN_UNREACHABLE_CODE = YES;
				CLANG_WARN__DUPLICATE_METHOD_MATCH = YES;
				"CODE_SIGN_IDENTITY[sdk=iphoneos*]" = "iPhone Developer";
				COPY_PHASE_STRIP = NO;
				DEBUG_INFORMATION_FORMAT = dwarf;
				ENABLE_STRICT_OBJC_MSGSEND = YES;
				ENABLE_TESTABILITY = YES;
				GCC_C_LANGUAGE_STANDARD = gnu99;
				GCC_DYNAMIC_NO_PIC = NO;
				GCC_NO_COMMON_BLOCKS = YES;
				GCC_OPTIMIZATION_LEVEL = 0;
				GCC_PREPROCESSOR_DEFINITIONS = (
					"DEBUG=1",
					"$(inherited)",
				);
				GCC_WARN_64_TO_32_BIT_CONVERSION = YES;
				GCC_WARN_ABOUT_RETURN_TYPE = YES_ERROR;
				GCC_WARN_UNDECLARED_SELECTOR = YES;
				GCC_WARN_UNINITIALIZED_AUTOS = YES_AGGRESSIVE;
				GCC_WARN_UNUSED_FUNCTION = YES;
				GCC_WARN_UNUSED_VARIABLE = YES;
				IPHONEOS_DEPLOYMENT_TARGET = 9.0;
				MTL_ENABLE_DEBUG_INFO = YES;
				ONLY_ACTIVE_ARCH = YES;
				SDKROOT = iphoneos;
				SWIFT_OPTIMIZATION_LEVEL = "-Onone";
				TARGETED_DEVICE_FAMILY = "1,2";
			};
			name = Debug;
		};
		60E329A71BB921C30086988C /* Release */ = {
			isa = XCBuildConfiguration;
			buildSettings = {
				ALWAYS_SEARCH_USER_PATHS = NO;
				CLANG_CXX_LANGUAGE_STANDARD = "gnu++0x";
				CLANG_CXX_LIBRARY = "libc++";
				CLANG_ENABLE_MODULES = YES;
				CLANG_ENABLE_OBJC_ARC = YES;
				CLANG_WARN_BOOL_CONVERSION = YES;
				CLANG_WARN_CONSTANT_CONVERSION = YES;
				CLANG_WARN_DIRECT_OBJC_ISA_USAGE = YES_ERROR;
				CLANG_WARN_EMPTY_BODY = YES;
				CLANG_WARN_ENUM_CONVERSION = YES;
				CLANG_WARN_INT_CONVERSION = YES;
				CLANG_WARN_OBJC_ROOT_CLASS = YES_ERROR;
				CLANG_WARN_UNREACHABLE_CODE = YES;
				CLANG_WARN__DUPLICATE_METHOD_MATCH = YES;
				"CODE_SIGN_IDENTITY[sdk=iphoneos*]" = "iPhone Developer";
				COPY_PHASE_STRIP = NO;
				DEBUG_INFORMATION_FORMAT = "dwarf-with-dsym";
				ENABLE_NS_ASSERTIONS = NO;
				ENABLE_STRICT_OBJC_MSGSEND = YES;
				GCC_C_LANGUAGE_STANDARD = gnu99;
				GCC_NO_COMMON_BLOCKS = YES;
				GCC_WARN_64_TO_32_BIT_CONVERSION = YES;
				GCC_WARN_ABOUT_RETURN_TYPE = YES_ERROR;
				GCC_WARN_UNDECLARED_SELECTOR = YES;
				GCC_WARN_UNINITIALIZED_AUTOS = YES_AGGRESSIVE;
				GCC_WARN_UNUSED_FUNCTION = YES;
				GCC_WARN_UNUSED_VARIABLE = YES;
				IPHONEOS_DEPLOYMENT_TARGET = 9.0;
				MTL_ENABLE_DEBUG_INFO = NO;
				SDKROOT = iphoneos;
				TARGETED_DEVICE_FAMILY = "1,2";
				VALIDATE_PRODUCT = YES;
			};
			name = Release;
		};
		60E329A91BB921C30086988C /* Debug */ = {
			isa = XCBuildConfiguration;
			buildSettings = {
				ASSETCATALOG_COMPILER_APPICON_NAME = AppIcon;
				INFOPLIST_FILE = Bundler/Info.plist;
				LD_RUNPATH_SEARCH_PATHS = "$(inherited) @executable_path/Frameworks";
				PRODUCT_BUNDLE_IDENTIFIER = davut.Bundler;
				PRODUCT_NAME = "$(TARGET_NAME)";
			};
			name = Debug;
		};
		60E329AA1BB921C30086988C /* Release */ = {
			isa = XCBuildConfiguration;
			buildSettings = {
				ASSETCATALOG_COMPILER_APPICON_NAME = AppIcon;
				INFOPLIST_FILE = Bundler/Info.plist;
				LD_RUNPATH_SEARCH_PATHS = "$(inherited) @executable_path/Frameworks";
				PRODUCT_BUNDLE_IDENTIFIER = davut.Bundler;
				PRODUCT_NAME = "$(TARGET_NAME)";
			};
			name = Release;
		};
/* End XCBuildConfiguration section */

/* Begin XCConfigurationList section */
		60E329911BB921C30086988C /* Build configuration list for PBXProject "Bundler" */ = {
			isa = XCConfigurationList;
			buildConfigurations = (
				60E329A61BB921C30086988C /* Debug */,
				60E329A71BB921C30086988C /* Release */,
			);
			defaultConfigurationIsVisible = 0;
			defaultConfigurationName = Release;
		};
		60E329A81BB921C30086988C /* Build configuration list for PBXNativeTarget "Bundler" */ = {
			isa = XCConfigurationList;
			buildConfigurations = (
				60E329A91BB921C30086988C /* Debug */,
				60E329AA1BB921C30086988C /* Release */,
			);
			defaultConfigurationIsVisible = 0;
			defaultConfigurationName = Release;
		};
/* End XCConfigurationList section */
	};
	rootObject = 60E3298E1BB921C30086988C /* Project object */;
}
